// !$*UTF8*$!
{
	archiveVersion = 1;
	classes = {
	};
	objectVersion = 50;
	objects = {

/* Begin PBXBuildFile section */
		4B12277721C2A301001DD32A /* Event+DateTimeDisplayText.swift in Sources */ = {isa = PBXBuildFile; fileRef = 4B12277621C2A301001DD32A /* Event+DateTimeDisplayText.swift */; };
		4B12277921C2A326001DD32A /* Event+DateTimeDisplayTextTests.swift in Sources */ = {isa = PBXBuildFile; fileRef = 4B12277821C2A326001DD32A /* Event+DateTimeDisplayTextTests.swift */; };
		4B37809C21BF360B0030F76D /* AppDelegate.swift in Sources */ = {isa = PBXBuildFile; fileRef = 4B37809B21BF360B0030F76D /* AppDelegate.swift */; };
		4B37809E21BF360B0030F76D /* SearchViewController.swift in Sources */ = {isa = PBXBuildFile; fileRef = 4B37809D21BF360B0030F76D /* SearchViewController.swift */; };
		4B3780A121BF360B0030F76D /* Main.storyboard in Resources */ = {isa = PBXBuildFile; fileRef = 4B37809F21BF360B0030F76D /* Main.storyboard */; };
		4B3780A621BF360E0030F76D /* LaunchScreen.storyboard in Resources */ = {isa = PBXBuildFile; fileRef = 4B3780A421BF360E0030F76D /* LaunchScreen.storyboard */; };
		4B9148DA21C17EBD00337FB4 /* searchEventsSuccess.json in Resources */ = {isa = PBXBuildFile; fileRef = 4B9148D921C17EBD00337FB4 /* searchEventsSuccess.json */; };
		4B9148DC21C1918700337FB4 /* 404.json in Resources */ = {isa = PBXBuildFile; fileRef = 4B9148DB21C1918700337FB4 /* 404.json */; };
		4B9148E321C1BE4F00337FB4 /* EventTableViewCell.swift in Sources */ = {isa = PBXBuildFile; fileRef = 4B9148E121C1BE4F00337FB4 /* EventTableViewCell.swift */; };
		4B9148E421C1BE4F00337FB4 /* EventTableViewCell.xib in Resources */ = {isa = PBXBuildFile; fileRef = 4B9148E221C1BE4F00337FB4 /* EventTableViewCell.xib */; };
		4B9148E621C1BEB900337FB4 /* Constants.swift in Sources */ = {isa = PBXBuildFile; fileRef = 4B9148E521C1BEB900337FB4 /* Constants.swift */; };
		4B9986D921C2CFFC008DA4DA /* Images.xcassets in Resources */ = {isa = PBXBuildFile; fileRef = 4B9986D821C2CFF9008DA4DA /* Images.xcassets */; };
		4B9986DB21C2E9B0008DA4DA /* FavoriterEvents.swift in Sources */ = {isa = PBXBuildFile; fileRef = 4B9986DA21C2E9B0008DA4DA /* FavoriterEvents.swift */; };
		4B9986E021C2F3D1008DA4DA /* APIMock.swift in Sources */ = {isa = PBXBuildFile; fileRef = 4B9986DF21C2F3D1008DA4DA /* APIMock.swift */; };
		4B9986E221C2F52C008DA4DA /* FavoriterMock.swift in Sources */ = {isa = PBXBuildFile; fileRef = 4B9986E121C2F52C008DA4DA /* FavoriterMock.swift */; };
		4B9986E321C2F6E3008DA4DA /* SearchViewControllerTests.swift in Sources */ = {isa = PBXBuildFile; fileRef = 4B9986DC21C2F30D008DA4DA /* SearchViewControllerTests.swift */; };
		4B9986E521C3180C008DA4DA /* Vibrator.swift in Sources */ = {isa = PBXBuildFile; fileRef = 4B9986E421C3180C008DA4DA /* Vibrator.swift */; };
		4B9986E721C373A3008DA4DA /* DetailViewControllerTests.swift in Sources */ = {isa = PBXBuildFile; fileRef = 4B9986E621C373A3008DA4DA /* DetailViewControllerTests.swift */; };
		4BA9779E21C00532002DF5D2 /* DetailViewController.swift in Sources */ = {isa = PBXBuildFile; fileRef = 4BA9779D21C00532002DF5D2 /* DetailViewController.swift */; };
		4BA977A421C00634002DF5D2 /* API.swift in Sources */ = {isa = PBXBuildFile; fileRef = 4BA977A321C00634002DF5D2 /* API.swift */; };
		4BA977AB21C0087F002DF5D2 /* FavoriterTests.swift in Sources */ = {isa = PBXBuildFile; fileRef = 4BA977AA21C0087F002DF5D2 /* FavoriterTests.swift */; };
		4BA977AD21C0088D002DF5D2 /* Favoriter.swift in Sources */ = {isa = PBXBuildFile; fileRef = 4BA977AC21C0088D002DF5D2 /* Favoriter.swift */; };
		4BA977AE21C00907002DF5D2 /* APITests.swift in Sources */ = {isa = PBXBuildFile; fileRef = 4BA977A521C00828002DF5D2 /* APITests.swift */; };
		4BA977B121C014F5002DF5D2 /* Keys.swift in Sources */ = {isa = PBXBuildFile; fileRef = 4BA977B021C014F5002DF5D2 /* Keys.swift */; };
		4BA977B621C0165B002DF5D2 /* Keys-Example.swift in Sources */ = {isa = PBXBuildFile; fileRef = 4BA977B221C01508002DF5D2 /* Keys-Example.swift */; };
		4BA977BA21C01B24002DF5D2 /* UISearchBar+TextViewExtensions.swift in Sources */ = {isa = PBXBuildFile; fileRef = 4BA977B921C01B24002DF5D2 /* UISearchBar+TextViewExtensions.swift */; };
		4BA977BC21C0774F002DF5D2 /* Event.swift in Sources */ = {isa = PBXBuildFile; fileRef = 4BA977BB21C0774F002DF5D2 /* Event.swift */; };
		8629AFC39C64004E36A52CD0 /* Pods_HomeAwayChallenge.framework in Frameworks */ = {isa = PBXBuildFile; fileRef = 30434CFD56BA3B3646738A03 /* Pods_HomeAwayChallenge.framework */; };
		B33723ECDE3AB551DA5CEAFA /* Pods_HomeAwayChallengeTests.framework in Frameworks */ = {isa = PBXBuildFile; fileRef = 8C4FCC6867511D30568D68EB /* Pods_HomeAwayChallengeTests.framework */; };
/* End PBXBuildFile section */

/* Begin PBXContainerItemProxy section */
		4B3780AD21BF360F0030F76D /* PBXContainerItemProxy */ = {
			isa = PBXContainerItemProxy;
			containerPortal = 4B37809021BF360B0030F76D /* Project object */;
			proxyType = 1;
			remoteGlobalIDString = 4B37809721BF360B0030F76D;
			remoteInfo = homeAwayChallenge;
		};
/* End PBXContainerItemProxy section */

/* Begin PBXFileReference section */
		11AC1DE6F22DC076DB702BF7 /* Pods-homeAwayChallenge.debug.xcconfig */ = {isa = PBXFileReference; includeInIndex = 1; lastKnownFileType = text.xcconfig; name = "Pods-homeAwayChallenge.debug.xcconfig"; path = "Target Support Files/Pods-homeAwayChallenge/Pods-homeAwayChallenge.debug.xcconfig"; sourceTree = "<group>"; };
		144F32EADE3983738D092A7B /* Pods-HomeAwayChallenge.release.xcconfig */ = {isa = PBXFileReference; includeInIndex = 1; lastKnownFileType = text.xcconfig; name = "Pods-HomeAwayChallenge.release.xcconfig"; path = "Target Support Files/Pods-HomeAwayChallenge/Pods-HomeAwayChallenge.release.xcconfig"; sourceTree = "<group>"; };
		30434CFD56BA3B3646738A03 /* Pods_HomeAwayChallenge.framework */ = {isa = PBXFileReference; explicitFileType = wrapper.framework; includeInIndex = 0; path = Pods_HomeAwayChallenge.framework; sourceTree = BUILT_PRODUCTS_DIR; };
		4B12277621C2A301001DD32A /* Event+DateTimeDisplayText.swift */ = {isa = PBXFileReference; lastKnownFileType = sourcecode.swift; path = "Event+DateTimeDisplayText.swift"; sourceTree = "<group>"; };
		4B12277821C2A326001DD32A /* Event+DateTimeDisplayTextTests.swift */ = {isa = PBXFileReference; lastKnownFileType = sourcecode.swift; path = "Event+DateTimeDisplayTextTests.swift"; sourceTree = "<group>"; };
		4B37809821BF360B0030F76D /* HomeAwayChallenge.app */ = {isa = PBXFileReference; explicitFileType = wrapper.application; includeInIndex = 0; path = HomeAwayChallenge.app; sourceTree = BUILT_PRODUCTS_DIR; };
		4B37809B21BF360B0030F76D /* AppDelegate.swift */ = {isa = PBXFileReference; lastKnownFileType = sourcecode.swift; path = AppDelegate.swift; sourceTree = "<group>"; };
		4B37809D21BF360B0030F76D /* SearchViewController.swift */ = {isa = PBXFileReference; lastKnownFileType = sourcecode.swift; path = SearchViewController.swift; sourceTree = "<group>"; };
		4B3780A021BF360B0030F76D /* Base */ = {isa = PBXFileReference; lastKnownFileType = file.storyboard; name = Base; path = Base.lproj/Main.storyboard; sourceTree = "<group>"; };
		4B3780A521BF360E0030F76D /* Base */ = {isa = PBXFileReference; lastKnownFileType = file.storyboard; name = Base; path = Base.lproj/LaunchScreen.storyboard; sourceTree = "<group>"; };
		4B3780A721BF360E0030F76D /* Info.plist */ = {isa = PBXFileReference; lastKnownFileType = text.plist.xml; path = Info.plist; sourceTree = "<group>"; };
		4B3780AC21BF360F0030F76D /* HomeAwayChallengeTests.xctest */ = {isa = PBXFileReference; explicitFileType = wrapper.cfbundle; includeInIndex = 0; path = HomeAwayChallengeTests.xctest; sourceTree = BUILT_PRODUCTS_DIR; };
		4B3780B221BF360F0030F76D /* Info.plist */ = {isa = PBXFileReference; lastKnownFileType = text.plist.xml; path = Info.plist; sourceTree = "<group>"; };
		4B9148D921C17EBD00337FB4 /* searchEventsSuccess.json */ = {isa = PBXFileReference; fileEncoding = 4; lastKnownFileType = text.json; path = searchEventsSuccess.json; sourceTree = "<group>"; };
		4B9148DB21C1918700337FB4 /* 404.json */ = {isa = PBXFileReference; lastKnownFileType = text.json; path = 404.json; sourceTree = "<group>"; };
		4B9148E121C1BE4F00337FB4 /* EventTableViewCell.swift */ = {isa = PBXFileReference; lastKnownFileType = sourcecode.swift; path = EventTableViewCell.swift; sourceTree = "<group>"; };
		4B9148E221C1BE4F00337FB4 /* EventTableViewCell.xib */ = {isa = PBXFileReference; lastKnownFileType = file.xib; path = EventTableViewCell.xib; sourceTree = "<group>"; };
		4B9148E521C1BEB900337FB4 /* Constants.swift */ = {isa = PBXFileReference; lastKnownFileType = sourcecode.swift; path = Constants.swift; sourceTree = "<group>"; };
		4B9986D821C2CFF9008DA4DA /* Images.xcassets */ = {isa = PBXFileReference; lastKnownFileType = folder.assetcatalog; name = Images.xcassets; path = /Users/briankeane/code/HomeAwayChallenge/Source/Config/Images.xcassets; sourceTree = "<absolute>"; };
		4B9986DA21C2E9B0008DA4DA /* FavoriterEvents.swift */ = {isa = PBXFileReference; lastKnownFileType = sourcecode.swift; path = FavoriterEvents.swift; sourceTree = "<group>"; };
		4B9986DC21C2F30D008DA4DA /* SearchViewControllerTests.swift */ = {isa = PBXFileReference; lastKnownFileType = sourcecode.swift; path = SearchViewControllerTests.swift; sourceTree = "<group>"; };
		4B9986DF21C2F3D1008DA4DA /* APIMock.swift */ = {isa = PBXFileReference; lastKnownFileType = sourcecode.swift; path = APIMock.swift; sourceTree = "<group>"; };
		4B9986E121C2F52C008DA4DA /* FavoriterMock.swift */ = {isa = PBXFileReference; lastKnownFileType = sourcecode.swift; path = FavoriterMock.swift; sourceTree = "<group>"; };
		4B9986E421C3180C008DA4DA /* Vibrator.swift */ = {isa = PBXFileReference; lastKnownFileType = sourcecode.swift; path = Vibrator.swift; sourceTree = "<group>"; };
		4B9986E621C373A3008DA4DA /* DetailViewControllerTests.swift */ = {isa = PBXFileReference; lastKnownFileType = sourcecode.swift; path = DetailViewControllerTests.swift; sourceTree = "<group>"; };
		4BA9779D21C00532002DF5D2 /* DetailViewController.swift */ = {isa = PBXFileReference; lastKnownFileType = sourcecode.swift; path = DetailViewController.swift; sourceTree = "<group>"; };
		4BA977A321C00634002DF5D2 /* API.swift */ = {isa = PBXFileReference; lastKnownFileType = sourcecode.swift; path = API.swift; sourceTree = "<group>"; };
		4BA977A521C00828002DF5D2 /* APITests.swift */ = {isa = PBXFileReference; lastKnownFileType = sourcecode.swift; path = APITests.swift; sourceTree = "<group>"; };
		4BA977AA21C0087F002DF5D2 /* FavoriterTests.swift */ = {isa = PBXFileReference; lastKnownFileType = sourcecode.swift; path = FavoriterTests.swift; sourceTree = "<group>"; };
		4BA977AC21C0088D002DF5D2 /* Favoriter.swift */ = {isa = PBXFileReference; lastKnownFileType = sourcecode.swift; path = Favoriter.swift; sourceTree = "<group>"; };
		4BA977B021C014F5002DF5D2 /* Keys.swift */ = {isa = PBXFileReference; lastKnownFileType = sourcecode.swift; path = Keys.swift; sourceTree = "<group>"; };
		4BA977B221C01508002DF5D2 /* Keys-Example.swift */ = {isa = PBXFileReference; lastKnownFileType = sourcecode.swift; path = "Keys-Example.swift"; sourceTree = "<group>"; };
		4BA977B921C01B24002DF5D2 /* UISearchBar+TextViewExtensions.swift */ = {isa = PBXFileReference; lastKnownFileType = sourcecode.swift; path = "UISearchBar+TextViewExtensions.swift"; sourceTree = "<group>"; };
		4BA977BB21C0774F002DF5D2 /* Event.swift */ = {isa = PBXFileReference; lastKnownFileType = sourcecode.swift; path = Event.swift; sourceTree = "<group>"; };
		8C4FCC6867511D30568D68EB /* Pods_HomeAwayChallengeTests.framework */ = {isa = PBXFileReference; explicitFileType = wrapper.framework; includeInIndex = 0; path = Pods_HomeAwayChallengeTests.framework; sourceTree = BUILT_PRODUCTS_DIR; };
		97AE83D08F903FFE2F0A3125 /* Pods-HomeAwayChallenge.debug.xcconfig */ = {isa = PBXFileReference; includeInIndex = 1; lastKnownFileType = text.xcconfig; name = "Pods-HomeAwayChallenge.debug.xcconfig"; path = "Target Support Files/Pods-HomeAwayChallenge/Pods-HomeAwayChallenge.debug.xcconfig"; sourceTree = "<group>"; };
		A62613FFB7DED484294E9630 /* Pods-homeAwayChallenge.release.xcconfig */ = {isa = PBXFileReference; includeInIndex = 1; lastKnownFileType = text.xcconfig; name = "Pods-homeAwayChallenge.release.xcconfig"; path = "Target Support Files/Pods-homeAwayChallenge/Pods-homeAwayChallenge.release.xcconfig"; sourceTree = "<group>"; };
		B223EFA0621BBC3146342EC7 /* Pods-HomeAwayChallengeTests.debug.xcconfig */ = {isa = PBXFileReference; includeInIndex = 1; lastKnownFileType = text.xcconfig; name = "Pods-HomeAwayChallengeTests.debug.xcconfig"; path = "Target Support Files/Pods-HomeAwayChallengeTests/Pods-HomeAwayChallengeTests.debug.xcconfig"; sourceTree = "<group>"; };
		CE5222C4893E6EF0598F38F5 /* Pods-homeAwayChallengeTests.debug.xcconfig */ = {isa = PBXFileReference; includeInIndex = 1; lastKnownFileType = text.xcconfig; name = "Pods-homeAwayChallengeTests.debug.xcconfig"; path = "Target Support Files/Pods-homeAwayChallengeTests/Pods-homeAwayChallengeTests.debug.xcconfig"; sourceTree = "<group>"; };
		DC3BDAD67B9887D7DFE502E4 /* Pods-homeAwayChallengeTests.release.xcconfig */ = {isa = PBXFileReference; includeInIndex = 1; lastKnownFileType = text.xcconfig; name = "Pods-homeAwayChallengeTests.release.xcconfig"; path = "Target Support Files/Pods-homeAwayChallengeTests/Pods-homeAwayChallengeTests.release.xcconfig"; sourceTree = "<group>"; };
		FB1E0C684EF30758CFDFA4F4 /* Pods-HomeAwayChallengeTests.release.xcconfig */ = {isa = PBXFileReference; includeInIndex = 1; lastKnownFileType = text.xcconfig; name = "Pods-HomeAwayChallengeTests.release.xcconfig"; path = "Target Support Files/Pods-HomeAwayChallengeTests/Pods-HomeAwayChallengeTests.release.xcconfig"; sourceTree = "<group>"; };
/* End PBXFileReference section */

/* Begin PBXFrameworksBuildPhase section */
		4B37809521BF360B0030F76D /* Frameworks */ = {
			isa = PBXFrameworksBuildPhase;
			buildActionMask = 2147483647;
			files = (
				8629AFC39C64004E36A52CD0 /* Pods_HomeAwayChallenge.framework in Frameworks */,
			);
			runOnlyForDeploymentPostprocessing = 0;
		};
		4B3780A921BF360F0030F76D /* Frameworks */ = {
			isa = PBXFrameworksBuildPhase;
			buildActionMask = 2147483647;
			files = (
				B33723ECDE3AB551DA5CEAFA /* Pods_HomeAwayChallengeTests.framework in Frameworks */,
			);
			runOnlyForDeploymentPostprocessing = 0;
		};
/* End PBXFrameworksBuildPhase section */

/* Begin PBXGroup section */
		4B12277A21C2A722001DD32A /* Event+DateTimeDisplayText */ = {
			isa = PBXGroup;
			children = (
				4B12277621C2A301001DD32A /* Event+DateTimeDisplayText.swift */,
			);
			path = "Event+DateTimeDisplayText";
			sourceTree = "<group>";
		};
		4B37808F21BF360B0030F76D = {
			isa = PBXGroup;
			children = (
				4B37809A21BF360B0030F76D /* Source */,
				4B3780AF21BF360F0030F76D /* Tests */,
				4B37809921BF360B0030F76D /* Products */,
				A1538282E83DC8A4BE82F996 /* Pods */,
				80D8233ED46F874361C44D1B /* Frameworks */,
			);
			sourceTree = "<group>";
			usesTabs = 0;
		};
		4B37809921BF360B0030F76D /* Products */ = {
			isa = PBXGroup;
			children = (
				4B37809821BF360B0030F76D /* HomeAwayChallenge.app */,
				4B3780AC21BF360F0030F76D /* HomeAwayChallengeTests.xctest */,
			);
			name = Products;
			sourceTree = "<group>";
		};
		4B37809A21BF360B0030F76D /* Source */ = {
			isa = PBXGroup;
			children = (
				4B3780A721BF360E0030F76D /* Info.plist */,
				4BA9779F21C00554002DF5D2 /* Config */,
				4BA977BD21C07754002DF5D2 /* Models */,
				4BA977A021C00575002DF5D2 /* UI */,
				4BA977A221C0060B002DF5D2 /* Utilities */,
			);
			path = Source;
			sourceTree = "<group>";
		};
		4B3780AF21BF360F0030F76D /* Tests */ = {
			isa = PBXGroup;
			children = (
				4B3780B221BF360F0030F76D /* Info.plist */,
				4B9986DE21C2F3B7008DA4DA /* Mocks */,
				4B9148D421C17D9F00337FB4 /* SampleResponses */,
				4B9986E921C43351008DA4DA /* Tests */,
			);
			path = Tests;
			sourceTree = "<group>";
		};
		4B9148D421C17D9F00337FB4 /* SampleResponses */ = {
			isa = PBXGroup;
			children = (
				4B9148D921C17EBD00337FB4 /* searchEventsSuccess.json */,
				4B9148DB21C1918700337FB4 /* 404.json */,
			);
			path = SampleResponses;
			sourceTree = "<group>";
		};
		4B9986B421C2C064008DA4DA /* SearchViewController */ = {
			isa = PBXGroup;
			children = (
				4B37809D21BF360B0030F76D /* SearchViewController.swift */,
				4B9148E121C1BE4F00337FB4 /* EventTableViewCell.swift */,
				4B9148E221C1BE4F00337FB4 /* EventTableViewCell.xib */,
			);
			path = SearchViewController;
			sourceTree = "<group>";
		};
		4B9986B521C2C356008DA4DA /* UI-Related-Extensions */ = {
			isa = PBXGroup;
			children = (
				4B12277A21C2A722001DD32A /* Event+DateTimeDisplayText */,
				4BA977B921C01B24002DF5D2 /* UISearchBar+TextViewExtensions.swift */,
			);
			path = "UI-Related-Extensions";
			sourceTree = "<group>";
		};
		4B9986DE21C2F3B7008DA4DA /* Mocks */ = {
			isa = PBXGroup;
			children = (
				4B9986DF21C2F3D1008DA4DA /* APIMock.swift */,
				4B9986E121C2F52C008DA4DA /* FavoriterMock.swift */,
			);
			path = Mocks;
			sourceTree = "<group>";
		};
		4B9986E821C373AA008DA4DA /* DetailViewController */ = {
			isa = PBXGroup;
			children = (
				4BA9779D21C00532002DF5D2 /* DetailViewController.swift */,
			);
			path = DetailViewController;
			sourceTree = "<group>";
		};
		4B9986E921C43351008DA4DA /* Tests */ = {
			isa = PBXGroup;
			children = (
				4B9986E621C373A3008DA4DA /* DetailViewControllerTests.swift */,
				4B9986DC21C2F30D008DA4DA /* SearchViewControllerTests.swift */,
				4BA977AA21C0087F002DF5D2 /* FavoriterTests.swift */,
				4BA977A521C00828002DF5D2 /* APITests.swift */,
				4B12277821C2A326001DD32A /* Event+DateTimeDisplayTextTests.swift */,
			);
			path = Tests;
			sourceTree = "<group>";
		};
		4BA9779F21C00554002DF5D2 /* Config */ = {
			isa = PBXGroup;
			children = (
				4B9986D821C2CFF9008DA4DA /* Images.xcassets */,
				4B37809B21BF360B0030F76D /* AppDelegate.swift */,
				4B3780A421BF360E0030F76D /* LaunchScreen.storyboard */,
				4BA977B021C014F5002DF5D2 /* Keys.swift */,
				4BA977B221C01508002DF5D2 /* Keys-Example.swift */,
				4B9148E521C1BEB900337FB4 /* Constants.swift */,
			);
			path = Config;
			sourceTree = "<group>";
		};
		4BA977A021C00575002DF5D2 /* UI */ = {
			isa = PBXGroup;
			children = (
				4B37809F21BF360B0030F76D /* Main.storyboard */,
				4B9986B521C2C356008DA4DA /* UI-Related-Extensions */,
				4BA977A121C0058E002DF5D2 /* ViewControllers */,
			);
			path = UI;
			sourceTree = "<group>";
		};
		4BA977A121C0058E002DF5D2 /* ViewControllers */ = {
			isa = PBXGroup;
			children = (
				4B9986B421C2C064008DA4DA /* SearchViewController */,
				4B9986E821C373AA008DA4DA /* DetailViewController */,
			);
			path = ViewControllers;
			sourceTree = "<group>";
		};
		4BA977A221C0060B002DF5D2 /* Utilities */ = {
			isa = PBXGroup;
			children = (
				4BA977A721C00830002DF5D2 /* API */,
				4BA977A921C0084C002DF5D2 /* Favoriter */,
				4B9986E421C3180C008DA4DA /* Vibrator.swift */,
			);
			path = Utilities;
			sourceTree = "<group>";
		};
		4BA977A721C00830002DF5D2 /* API */ = {
			isa = PBXGroup;
			children = (
				4BA977A321C00634002DF5D2 /* API.swift */,
			);
			path = API;
			sourceTree = "<group>";
		};
		4BA977A921C0084C002DF5D2 /* Favoriter */ = {
			isa = PBXGroup;
			children = (
				4BA977AC21C0088D002DF5D2 /* Favoriter.swift */,
				4B9986DA21C2E9B0008DA4DA /* FavoriterEvents.swift */,
			);
			path = Favoriter;
			sourceTree = "<group>";
		};
		4BA977BD21C07754002DF5D2 /* Models */ = {
			isa = PBXGroup;
			children = (
				4BA977BB21C0774F002DF5D2 /* Event.swift */,
			);
			path = Models;
			sourceTree = "<group>";
		};
		80D8233ED46F874361C44D1B /* Frameworks */ = {
			isa = PBXGroup;
			children = (
				30434CFD56BA3B3646738A03 /* Pods_HomeAwayChallenge.framework */,
				8C4FCC6867511D30568D68EB /* Pods_HomeAwayChallengeTests.framework */,
			);
			name = Frameworks;
			sourceTree = "<group>";
		};
		A1538282E83DC8A4BE82F996 /* Pods */ = {
			isa = PBXGroup;
			children = (
				11AC1DE6F22DC076DB702BF7 /* Pods-homeAwayChallenge.debug.xcconfig */,
				A62613FFB7DED484294E9630 /* Pods-homeAwayChallenge.release.xcconfig */,
				CE5222C4893E6EF0598F38F5 /* Pods-homeAwayChallengeTests.debug.xcconfig */,
				DC3BDAD67B9887D7DFE502E4 /* Pods-homeAwayChallengeTests.release.xcconfig */,
				97AE83D08F903FFE2F0A3125 /* Pods-HomeAwayChallenge.debug.xcconfig */,
				144F32EADE3983738D092A7B /* Pods-HomeAwayChallenge.release.xcconfig */,
				B223EFA0621BBC3146342EC7 /* Pods-HomeAwayChallengeTests.debug.xcconfig */,
				FB1E0C684EF30758CFDFA4F4 /* Pods-HomeAwayChallengeTests.release.xcconfig */,
			);
			path = Pods;
			sourceTree = "<group>";
		};
/* End PBXGroup section */

/* Begin PBXNativeTarget section */
		4B37809721BF360B0030F76D /* HomeAwayChallenge */ = {
			isa = PBXNativeTarget;
			buildConfigurationList = 4B3780B521BF360F0030F76D /* Build configuration list for PBXNativeTarget "HomeAwayChallenge" */;
			buildPhases = (
				8451789B17A2746DEE51584D /* [CP] Check Pods Manifest.lock */,
				4B37809421BF360B0030F76D /* Sources */,
				4B37809521BF360B0030F76D /* Frameworks */,
				4B37809621BF360B0030F76D /* Resources */,
				19BB332A1EABE6163744533B /* [CP] Embed Pods Frameworks */,
			);
			buildRules = (
			);
			dependencies = (
			);
			name = HomeAwayChallenge;
			productName = homeAwayChallenge;
			productReference = 4B37809821BF360B0030F76D /* HomeAwayChallenge.app */;
			productType = "com.apple.product-type.application";
		};
		4B3780AB21BF360F0030F76D /* HomeAwayChallengeTests */ = {
			isa = PBXNativeTarget;
			buildConfigurationList = 4B3780B821BF360F0030F76D /* Build configuration list for PBXNativeTarget "HomeAwayChallengeTests" */;
			buildPhases = (
				34CFCA3AA5661B5E2ED7E375 /* [CP] Check Pods Manifest.lock */,
				4B3780A821BF360F0030F76D /* Sources */,
				4B3780A921BF360F0030F76D /* Frameworks */,
				4B3780AA21BF360F0030F76D /* Resources */,
				518B342638FB25AF2B41A0FB /* [CP] Embed Pods Frameworks */,
			);
			buildRules = (
			);
			dependencies = (
				4B3780AE21BF360F0030F76D /* PBXTargetDependency */,
			);
			name = HomeAwayChallengeTests;
			productName = homeAwayChallengeTests;
			productReference = 4B3780AC21BF360F0030F76D /* HomeAwayChallengeTests.xctest */;
			productType = "com.apple.product-type.bundle.unit-test";
		};
/* End PBXNativeTarget section */

/* Begin PBXProject section */
		4B37809021BF360B0030F76D /* Project object */ = {
			isa = PBXProject;
			attributes = {
				LastSwiftUpdateCheck = 1010;
				LastUpgradeCheck = 1010;
				ORGANIZATIONNAME = "Brian D Keane";
				TargetAttributes = {
					4B37809721BF360B0030F76D = {
						CreatedOnToolsVersion = 10.1;
					};
					4B3780AB21BF360F0030F76D = {
						CreatedOnToolsVersion = 10.1;
						TestTargetID = 4B37809721BF360B0030F76D;
					};
				};
			};
			buildConfigurationList = 4B37809321BF360B0030F76D /* Build configuration list for PBXProject "HomeAwayChallenge" */;
			compatibilityVersion = "Xcode 9.3";
			developmentRegion = en;
			hasScannedForEncodings = 0;
			knownRegions = (
				en,
				Base,
			);
			mainGroup = 4B37808F21BF360B0030F76D;
			productRefGroup = 4B37809921BF360B0030F76D /* Products */;
			projectDirPath = "";
			projectRoot = "";
			targets = (
				4B37809721BF360B0030F76D /* HomeAwayChallenge */,
				4B3780AB21BF360F0030F76D /* HomeAwayChallengeTests */,
			);
		};
/* End PBXProject section */

/* Begin PBXResourcesBuildPhase section */
		4B37809621BF360B0030F76D /* Resources */ = {
			isa = PBXResourcesBuildPhase;
			buildActionMask = 2147483647;
			files = (
				4B9148E421C1BE4F00337FB4 /* EventTableViewCell.xib in Resources */,
				4B9986D921C2CFFC008DA4DA /* Images.xcassets in Resources */,
				4B3780A621BF360E0030F76D /* LaunchScreen.storyboard in Resources */,
				4B3780A121BF360B0030F76D /* Main.storyboard in Resources */,
			);
			runOnlyForDeploymentPostprocessing = 0;
		};
		4B3780AA21BF360F0030F76D /* Resources */ = {
			isa = PBXResourcesBuildPhase;
			buildActionMask = 2147483647;
			files = (
				4B9148DC21C1918700337FB4 /* 404.json in Resources */,
				4B9148DA21C17EBD00337FB4 /* searchEventsSuccess.json in Resources */,
			);
			runOnlyForDeploymentPostprocessing = 0;
		};
/* End PBXResourcesBuildPhase section */

/* Begin PBXShellScriptBuildPhase section */
		19BB332A1EABE6163744533B /* [CP] Embed Pods Frameworks */ = {
			isa = PBXShellScriptBuildPhase;
			buildActionMask = 2147483647;
			files = (
			);
			inputFileListPaths = (
			);
			inputPaths = (
				"${PODS_ROOT}/Target Support Files/Pods-HomeAwayChallenge/Pods-HomeAwayChallenge-frameworks.sh",
				"${BUILT_PRODUCTS_DIR}/Alamofire/Alamofire.framework",
				"${BUILT_PRODUCTS_DIR}/Kingfisher/Kingfisher.framework",
				"${BUILT_PRODUCTS_DIR}/SwiftyJSON/SwiftyJSON.framework",
			);
			name = "[CP] Embed Pods Frameworks";
			outputFileListPaths = (
			);
			outputPaths = (
				"${TARGET_BUILD_DIR}/${FRAMEWORKS_FOLDER_PATH}/Alamofire.framework",
				"${TARGET_BUILD_DIR}/${FRAMEWORKS_FOLDER_PATH}/Kingfisher.framework",
				"${TARGET_BUILD_DIR}/${FRAMEWORKS_FOLDER_PATH}/SwiftyJSON.framework",
			);
			runOnlyForDeploymentPostprocessing = 0;
			shellPath = /bin/sh;
			shellScript = "\"${PODS_ROOT}/Target Support Files/Pods-HomeAwayChallenge/Pods-HomeAwayChallenge-frameworks.sh\"\n";
			showEnvVarsInLog = 0;
		};
		34CFCA3AA5661B5E2ED7E375 /* [CP] Check Pods Manifest.lock */ = {
			isa = PBXShellScriptBuildPhase;
			buildActionMask = 2147483647;
			files = (
			);
			inputFileListPaths = (
			);
			inputPaths = (
				"${PODS_PODFILE_DIR_PATH}/Podfile.lock",
				"${PODS_ROOT}/Manifest.lock",
			);
			name = "[CP] Check Pods Manifest.lock";
			outputFileListPaths = (
			);
			outputPaths = (
				"$(DERIVED_FILE_DIR)/Pods-HomeAwayChallengeTests-checkManifestLockResult.txt",
			);
			runOnlyForDeploymentPostprocessing = 0;
			shellPath = /bin/sh;
			shellScript = "diff \"${PODS_PODFILE_DIR_PATH}/Podfile.lock\" \"${PODS_ROOT}/Manifest.lock\" > /dev/null\nif [ $? != 0 ] ; then\n    # print error to STDERR\n    echo \"error: The sandbox is not in sync with the Podfile.lock. Run 'pod install' or update your CocoaPods installation.\" >&2\n    exit 1\nfi\n# This output is used by Xcode 'outputs' to avoid re-running this script phase.\necho \"SUCCESS\" > \"${SCRIPT_OUTPUT_FILE_0}\"\n";
			showEnvVarsInLog = 0;
		};
		518B342638FB25AF2B41A0FB /* [CP] Embed Pods Frameworks */ = {
			isa = PBXShellScriptBuildPhase;
			buildActionMask = 2147483647;
			files = (
			);
			inputFileListPaths = (
			);
			inputPaths = (
				"${PODS_ROOT}/Target Support Files/Pods-HomeAwayChallengeTests/Pods-HomeAwayChallengeTests-frameworks.sh",
				"${BUILT_PRODUCTS_DIR}/Nimble/Nimble.framework",
				"${BUILT_PRODUCTS_DIR}/OHHTTPStubs/OHHTTPStubs.framework",
				"${BUILT_PRODUCTS_DIR}/Quick/Quick.framework",
			);
			name = "[CP] Embed Pods Frameworks";
			outputFileListPaths = (
			);
			outputPaths = (
				"${TARGET_BUILD_DIR}/${FRAMEWORKS_FOLDER_PATH}/Nimble.framework",
				"${TARGET_BUILD_DIR}/${FRAMEWORKS_FOLDER_PATH}/OHHTTPStubs.framework",
				"${TARGET_BUILD_DIR}/${FRAMEWORKS_FOLDER_PATH}/Quick.framework",
			);
			runOnlyForDeploymentPostprocessing = 0;
			shellPath = /bin/sh;
			shellScript = "\"${PODS_ROOT}/Target Support Files/Pods-HomeAwayChallengeTests/Pods-HomeAwayChallengeTests-frameworks.sh\"\n";
			showEnvVarsInLog = 0;
		};
		8451789B17A2746DEE51584D /* [CP] Check Pods Manifest.lock */ = {
			isa = PBXShellScriptBuildPhase;
			buildActionMask = 2147483647;
			files = (
			);
			inputFileListPaths = (
			);
			inputPaths = (
				"${PODS_PODFILE_DIR_PATH}/Podfile.lock",
				"${PODS_ROOT}/Manifest.lock",
			);
			name = "[CP] Check Pods Manifest.lock";
			outputFileListPaths = (
			);
			outputPaths = (
				"$(DERIVED_FILE_DIR)/Pods-HomeAwayChallenge-checkManifestLockResult.txt",
			);
			runOnlyForDeploymentPostprocessing = 0;
			shellPath = /bin/sh;
			shellScript = "diff \"${PODS_PODFILE_DIR_PATH}/Podfile.lock\" \"${PODS_ROOT}/Manifest.lock\" > /dev/null\nif [ $? != 0 ] ; then\n    # print error to STDERR\n    echo \"error: The sandbox is not in sync with the Podfile.lock. Run 'pod install' or update your CocoaPods installation.\" >&2\n    exit 1\nfi\n# This output is used by Xcode 'outputs' to avoid re-running this script phase.\necho \"SUCCESS\" > \"${SCRIPT_OUTPUT_FILE_0}\"\n";
			showEnvVarsInLog = 0;
		};
/* End PBXShellScriptBuildPhase section */

/* Begin PBXSourcesBuildPhase section */
		4B37809421BF360B0030F76D /* Sources */ = {
			isa = PBXSourcesBuildPhase;
			buildActionMask = 2147483647;
			files = (
				4BA977AD21C0088D002DF5D2 /* Favoriter.swift in Sources */,
				4B9148E621C1BEB900337FB4 /* Constants.swift in Sources */,
				4BA977BC21C0774F002DF5D2 /* Event.swift in Sources */,
				4BA977B121C014F5002DF5D2 /* Keys.swift in Sources */,
				4BA9779E21C00532002DF5D2 /* DetailViewController.swift in Sources */,
				4B9986DB21C2E9B0008DA4DA /* FavoriterEvents.swift in Sources */,
				4BA977BA21C01B24002DF5D2 /* UISearchBar+TextViewExtensions.swift in Sources */,
				4B37809E21BF360B0030F76D /* SearchViewController.swift in Sources */,
				4B12277721C2A301001DD32A /* Event+DateTimeDisplayText.swift in Sources */,
				4BA977A421C00634002DF5D2 /* API.swift in Sources */,
				4B9986E521C3180C008DA4DA /* Vibrator.swift in Sources */,
				4BA977B621C0165B002DF5D2 /* Keys-Example.swift in Sources */,
				4B9148E321C1BE4F00337FB4 /* EventTableViewCell.swift in Sources */,
				4B37809C21BF360B0030F76D /* AppDelegate.swift in Sources */,
			);
			runOnlyForDeploymentPostprocessing = 0;
		};
		4B3780A821BF360F0030F76D /* Sources */ = {
			isa = PBXSourcesBuildPhase;
			buildActionMask = 2147483647;
			files = (
				4B9986E021C2F3D1008DA4DA /* APIMock.swift in Sources */,
				4BA977AB21C0087F002DF5D2 /* FavoriterTests.swift in Sources */,
				4B9986E221C2F52C008DA4DA /* FavoriterMock.swift in Sources */,
				4BA977AE21C00907002DF5D2 /* APITests.swift in Sources */,
				4B9986E321C2F6E3008DA4DA /* SearchViewControllerTests.swift in Sources */,
				4B12277921C2A326001DD32A /* Event+DateTimeDisplayTextTests.swift in Sources */,
				4B9986E721C373A3008DA4DA /* DetailViewControllerTests.swift in Sources */,
			);
			runOnlyForDeploymentPostprocessing = 0;
		};
/* End PBXSourcesBuildPhase section */

/* Begin PBXTargetDependency section */
		4B3780AE21BF360F0030F76D /* PBXTargetDependency */ = {
			isa = PBXTargetDependency;
			target = 4B37809721BF360B0030F76D /* HomeAwayChallenge */;
			targetProxy = 4B3780AD21BF360F0030F76D /* PBXContainerItemProxy */;
		};
/* End PBXTargetDependency section */

/* Begin PBXVariantGroup section */
		4B37809F21BF360B0030F76D /* Main.storyboard */ = {
			isa = PBXVariantGroup;
			children = (
				4B3780A021BF360B0030F76D /* Base */,
			);
			name = Main.storyboard;
			sourceTree = "<group>";
		};
		4B3780A421BF360E0030F76D /* LaunchScreen.storyboard */ = {
			isa = PBXVariantGroup;
			children = (
				4B3780A521BF360E0030F76D /* Base */,
			);
			name = LaunchScreen.storyboard;
			sourceTree = "<group>";
		};
/* End PBXVariantGroup section */

/* Begin XCBuildConfiguration section */
		4B3780B321BF360F0030F76D /* Debug */ = {
			isa = XCBuildConfiguration;
			buildSettings = {
				ALWAYS_SEARCH_USER_PATHS = NO;
				CLANG_ANALYZER_NONNULL = YES;
				CLANG_ANALYZER_NUMBER_OBJECT_CONVERSION = YES_AGGRESSIVE;
				CLANG_CXX_LANGUAGE_STANDARD = "gnu++14";
				CLANG_CXX_LIBRARY = "libc++";
				CLANG_ENABLE_MODULES = YES;
				CLANG_ENABLE_OBJC_ARC = YES;
				CLANG_ENABLE_OBJC_WEAK = YES;
				CLANG_WARN_BLOCK_CAPTURE_AUTORELEASING = YES;
				CLANG_WARN_BOOL_CONVERSION = YES;
				CLANG_WARN_COMMA = YES;
				CLANG_WARN_CONSTANT_CONVERSION = YES;
				CLANG_WARN_DEPRECATED_OBJC_IMPLEMENTATIONS = YES;
				CLANG_WARN_DIRECT_OBJC_ISA_USAGE = YES_ERROR;
				CLANG_WARN_DOCUMENTATION_COMMENTS = YES;
				CLANG_WARN_EMPTY_BODY = YES;
				CLANG_WARN_ENUM_CONVERSION = YES;
				CLANG_WARN_INFINITE_RECURSION = YES;
				CLANG_WARN_INT_CONVERSION = YES;
				CLANG_WARN_NON_LITERAL_NULL_CONVERSION = YES;
				CLANG_WARN_OBJC_IMPLICIT_RETAIN_SELF = YES;
				CLANG_WARN_OBJC_LITERAL_CONVERSION = YES;
				CLANG_WARN_OBJC_ROOT_CLASS = YES_ERROR;
				CLANG_WARN_RANGE_LOOP_ANALYSIS = YES;
				CLANG_WARN_STRICT_PROTOTYPES = YES;
				CLANG_WARN_SUSPICIOUS_MOVE = YES;
				CLANG_WARN_UNGUARDED_AVAILABILITY = YES_AGGRESSIVE;
				CLANG_WARN_UNREACHABLE_CODE = YES;
				CLANG_WARN__DUPLICATE_METHOD_MATCH = YES;
				CODE_SIGN_IDENTITY = "iPhone Developer";
				COPY_PHASE_STRIP = NO;
				DEBUG_INFORMATION_FORMAT = dwarf;
				ENABLE_STRICT_OBJC_MSGSEND = YES;
				ENABLE_TESTABILITY = YES;
				GCC_C_LANGUAGE_STANDARD = gnu11;
				GCC_DYNAMIC_NO_PIC = NO;
				GCC_NO_COMMON_BLOCKS = YES;
				GCC_OPTIMIZATION_LEVEL = 0;
				GCC_PREPROCESSOR_DEFINITIONS = (
					"DEBUG=1",
					"$(inherited)",
				);
				GCC_WARN_64_TO_32_BIT_CONVERSION = YES;
				GCC_WARN_ABOUT_RETURN_TYPE = YES_ERROR;
				GCC_WARN_UNDECLARED_SELECTOR = YES;
				GCC_WARN_UNINITIALIZED_AUTOS = YES_AGGRESSIVE;
				GCC_WARN_UNUSED_FUNCTION = YES;
				GCC_WARN_UNUSED_VARIABLE = YES;
				IPHONEOS_DEPLOYMENT_TARGET = 12.1;
				MTL_ENABLE_DEBUG_INFO = INCLUDE_SOURCE;
				MTL_FAST_MATH = YES;
				ONLY_ACTIVE_ARCH = YES;
				SDKROOT = iphoneos;
				SWIFT_ACTIVE_COMPILATION_CONDITIONS = DEBUG;
				SWIFT_OPTIMIZATION_LEVEL = "-Onone";
			};
			name = Debug;
		};
		4B3780B421BF360F0030F76D /* Release */ = {
			isa = XCBuildConfiguration;
			buildSettings = {
				ALWAYS_SEARCH_USER_PATHS = NO;
				CLANG_ANALYZER_NONNULL = YES;
				CLANG_ANALYZER_NUMBER_OBJECT_CONVERSION = YES_AGGRESSIVE;
				CLANG_CXX_LANGUAGE_STANDARD = "gnu++14";
				CLANG_CXX_LIBRARY = "libc++";
				CLANG_ENABLE_MODULES = YES;
				CLANG_ENABLE_OBJC_ARC = YES;
				CLANG_ENABLE_OBJC_WEAK = YES;
				CLANG_WARN_BLOCK_CAPTURE_AUTORELEASING = YES;
				CLANG_WARN_BOOL_CONVERSION = YES;
				CLANG_WARN_COMMA = YES;
				CLANG_WARN_CONSTANT_CONVERSION = YES;
				CLANG_WARN_DEPRECATED_OBJC_IMPLEMENTATIONS = YES;
				CLANG_WARN_DIRECT_OBJC_ISA_USAGE = YES_ERROR;
				CLANG_WARN_DOCUMENTATION_COMMENTS = YES;
				CLANG_WARN_EMPTY_BODY = YES;
				CLANG_WARN_ENUM_CONVERSION = YES;
				CLANG_WARN_INFINITE_RECURSION = YES;
				CLANG_WARN_INT_CONVERSION = YES;
				CLANG_WARN_NON_LITERAL_NULL_CONVERSION = YES;
				CLANG_WARN_OBJC_IMPLICIT_RETAIN_SELF = YES;
				CLANG_WARN_OBJC_LITERAL_CONVERSION = YES;
				CLANG_WARN_OBJC_ROOT_CLASS = YES_ERROR;
				CLANG_WARN_RANGE_LOOP_ANALYSIS = YES;
				CLANG_WARN_STRICT_PROTOTYPES = YES;
				CLANG_WARN_SUSPICIOUS_MOVE = YES;
				CLANG_WARN_UNGUARDED_AVAILABILITY = YES_AGGRESSIVE;
				CLANG_WARN_UNREACHABLE_CODE = YES;
				CLANG_WARN__DUPLICATE_METHOD_MATCH = YES;
				CODE_SIGN_IDENTITY = "iPhone Developer";
				COPY_PHASE_STRIP = NO;
				DEBUG_INFORMATION_FORMAT = "dwarf-with-dsym";
				ENABLE_NS_ASSERTIONS = NO;
				ENABLE_STRICT_OBJC_MSGSEND = YES;
				GCC_C_LANGUAGE_STANDARD = gnu11;
				GCC_NO_COMMON_BLOCKS = YES;
				GCC_WARN_64_TO_32_BIT_CONVERSION = YES;
				GCC_WARN_ABOUT_RETURN_TYPE = YES_ERROR;
				GCC_WARN_UNDECLARED_SELECTOR = YES;
				GCC_WARN_UNINITIALIZED_AUTOS = YES_AGGRESSIVE;
				GCC_WARN_UNUSED_FUNCTION = YES;
				GCC_WARN_UNUSED_VARIABLE = YES;
				IPHONEOS_DEPLOYMENT_TARGET = 12.1;
				MTL_ENABLE_DEBUG_INFO = NO;
				MTL_FAST_MATH = YES;
				SDKROOT = iphoneos;
				SWIFT_COMPILATION_MODE = wholemodule;
				SWIFT_OPTIMIZATION_LEVEL = "-O";
				VALIDATE_PRODUCT = YES;
			};
			name = Release;
		};
		4B3780B621BF360F0030F76D /* Debug */ = {
			isa = XCBuildConfiguration;
			baseConfigurationReference = 97AE83D08F903FFE2F0A3125 /* Pods-HomeAwayChallenge.debug.xcconfig */;
			buildSettings = {
				ASSETCATALOG_COMPILER_APPICON_NAME = AppIcon;
				CODE_SIGN_IDENTITY = "iPhone Developer";
				CODE_SIGN_STYLE = Automatic;
				DEVELOPMENT_TEAM = FSRSPV9N9Q;
				INFOPLIST_FILE = Source/Info.plist;
				LD_RUNPATH_SEARCH_PATHS = (
					"$(inherited)",
					"@executable_path/Frameworks",
				);
				PRODUCT_BUNDLE_IDENTIFIER = fm.playola.homeAwayChallenge;
				PRODUCT_NAME = "$(TARGET_NAME)";
				PROVISIONING_PROFILE_SPECIFIER = "";
				SWIFT_VERSION = 4.2;
				TARGETED_DEVICE_FAMILY = "1,2";
			};
			name = Debug;
		};
		4B3780B721BF360F0030F76D /* Release */ = {
			isa = XCBuildConfiguration;
			baseConfigurationReference = 144F32EADE3983738D092A7B /* Pods-HomeAwayChallenge.release.xcconfig */;
			buildSettings = {
				ASSETCATALOG_COMPILER_APPICON_NAME = AppIcon;
				CODE_SIGN_IDENTITY = "iPhone Developer";
				CODE_SIGN_STYLE = Automatic;
				DEVELOPMENT_TEAM = FSRSPV9N9Q;
				INFOPLIST_FILE = Source/Info.plist;
				LD_RUNPATH_SEARCH_PATHS = (
					"$(inherited)",
					"@executable_path/Frameworks",
				);
				PRODUCT_BUNDLE_IDENTIFIER = fm.playola.homeAwayChallenge;
				PRODUCT_NAME = "$(TARGET_NAME)";
				PROVISIONING_PROFILE_SPECIFIER = "";
				SWIFT_VERSION = 4.2;
				TARGETED_DEVICE_FAMILY = "1,2";
			};
			name = Release;
		};
		4B3780B921BF360F0030F76D /* Debug */ = {
			isa = XCBuildConfiguration;
			baseConfigurationReference = B223EFA0621BBC3146342EC7 /* Pods-HomeAwayChallengeTests.debug.xcconfig */;
			buildSettings = {
				ALWAYS_EMBED_SWIFT_STANDARD_LIBRARIES = YES;
				BUNDLE_LOADER = "$(TEST_HOST)";
				CODE_SIGN_STYLE = Automatic;
				DEVELOPMENT_TEAM = 896JR349G2;
				INFOPLIST_FILE = Source/Info.plist;
				LD_RUNPATH_SEARCH_PATHS = (
					"$(inherited)",
					"@executable_path/Frameworks",
					"@loader_path/Frameworks",
				);
				PRODUCT_BUNDLE_IDENTIFIER = fm.playola.homeAwayChallengeTests;
				PRODUCT_NAME = "$(TARGET_NAME)";
				SWIFT_VERSION = 4.2;
				TARGETED_DEVICE_FAMILY = "1,2";
				TEST_HOST = "$(BUILT_PRODUCTS_DIR)/HomeAwayChallenge.app/HomeAwayChallenge";
			};
			name = Debug;
		};
		4B3780BA21BF360F0030F76D /* Release */ = {
			isa = XCBuildConfiguration;
			baseConfigurationReference = FB1E0C684EF30758CFDFA4F4 /* Pods-HomeAwayChallengeTests.release.xcconfig */;
			buildSettings = {
				ALWAYS_EMBED_SWIFT_STANDARD_LIBRARIES = YES;
				BUNDLE_LOADER = "$(TEST_HOST)";
				CODE_SIGN_STYLE = Automatic;
				DEVELOPMENT_TEAM = 896JR349G2;
				INFOPLIST_FILE = Source/Info.plist;
				LD_RUNPATH_SEARCH_PATHS = (
					"$(inherited)",
					"@executable_path/Frameworks",
					"@loader_path/Frameworks",
				);
				PRODUCT_BUNDLE_IDENTIFIER = fm.playola.homeAwayChallengeTests;
				PRODUCT_NAME = "$(TARGET_NAME)";
				SWIFT_VERSION = 4.2;
				TARGETED_DEVICE_FAMILY = "1,2";
				TEST_HOST = "$(BUILT_PRODUCTS_DIR)/HomeAwayChallenge.app/HomeAwayChallenge";
			};
			name = Release;
		};
/* End XCBuildConfiguration section */

/* Begin XCConfigurationList section */
		4B37809321BF360B0030F76D /* Build configuration list for PBXProject "HomeAwayChallenge" */ = {
			isa = XCConfigurationList;
			buildConfigurations = (
				4B3780B321BF360F0030F76D /* Debug */,
				4B3780B421BF360F0030F76D /* Release */,
			);
			defaultConfigurationIsVisible = 0;
			defaultConfigurationName = Release;
		};
		4B3780B521BF360F0030F76D /* Build configuration list for PBXNativeTarget "HomeAwayChallenge" */ = {
			isa = XCConfigurationList;
			buildConfigurations = (
				4B3780B621BF360F0030F76D /* Debug */,
				4B3780B721BF360F0030F76D /* Release */,
			);
			defaultConfigurationIsVisible = 0;
			defaultConfigurationName = Release;
		};
		4B3780B821BF360F0030F76D /* Build configuration list for PBXNativeTarget "HomeAwayChallengeTests" */ = {
			isa = XCConfigurationList;
			buildConfigurations = (
				4B3780B921BF360F0030F76D /* Debug */,
				4B3780BA21BF360F0030F76D /* Release */,
			);
			defaultConfigurationIsVisible = 0;
			defaultConfigurationName = Release;
		};
/* End XCConfigurationList section */
	};
	rootObject = 4B37809021BF360B0030F76D /* Project object */;
}
